{
  "version": 4,
  "terraform_version": "1.6.4",
  "serial": 12,
  "lineage": "98833b56-0645-3226-c9ed-5146a187d011",
  "outputs": {
    "public_ip": {
      "value": "34.171.16.40",
      "type": "string"
    },
    "subnets": {
      "value": [
        "https://www.googleapis.com/compute/v1/projects/buoyant-arena-405622/regions/asia-southeast1/subnetworks/default",
        "https://www.googleapis.com/compute/v1/projects/buoyant-arena-405622/regions/us-west4/subnetworks/default",
        "https://www.googleapis.com/compute/v1/projects/buoyant-arena-405622/regions/europe-west4/subnetworks/default",
        "https://www.googleapis.com/compute/v1/projects/buoyant-arena-405622/regions/europe-west2/subnetworks/default",
        "https://www.googleapis.com/compute/v1/projects/buoyant-arena-405622/regions/europe-west6/subnetworks/default",
        "https://www.googleapis.com/compute/v1/projects/buoyant-arena-405622/regions/europe-west10/subnetworks/default",
        "https://www.googleapis.com/compute/v1/projects/buoyant-arena-405622/regions/africa-south1/subnetworks/default",
        "https://www.googleapis.com/compute/v1/projects/buoyant-arena-405622/regions/us-east5/subnetworks/default",
        "https://www.googleapis.com/compute/v1/projects/buoyant-arena-405622/regions/europe-southwest1/subnetworks/default",
        "https://www.googleapis.com/compute/v1/projects/buoyant-arena-405622/regions/australia-southeast1/subnetworks/default",
        "https://www.googleapis.com/compute/v1/projects/buoyant-arena-405622/regions/asia-northeast3/subnetworks/default",
        "https://www.googleapis.com/compute/v1/projects/buoyant-arena-405622/regions/europe-west3/subnetworks/default",
        "https://www.googleapis.com/compute/v1/projects/buoyant-arena-405622/regions/europe-west1/subnetworks/default",
        "https://www.googleapis.com/compute/v1/projects/buoyant-arena-405622/regions/northamerica-northeast1/subnetworks/default",
        "https://www.googleapis.com/compute/v1/projects/buoyant-arena-405622/regions/us-west8/subnetworks/default",
        "https://www.googleapis.com/compute/v1/projects/buoyant-arena-405622/regions/northamerica-northeast2/subnetworks/default",
        "https://www.googleapis.com/compute/v1/projects/buoyant-arena-405622/regions/europe-west8/subnetworks/default",
        "https://www.googleapis.com/compute/v1/projects/buoyant-arena-405622/regions/europe-central2/subnetworks/default",
        "https://www.googleapis.com/compute/v1/projects/buoyant-arena-405622/regions/me-central2/subnetworks/default",
        "https://www.googleapis.com/compute/v1/projects/buoyant-arena-405622/regions/asia-east2/subnetworks/default",
        "https://www.googleapis.com/compute/v1/projects/buoyant-arena-405622/regions/europe-west12/subnetworks/default",
        "https://www.googleapis.com/compute/v1/projects/buoyant-arena-405622/regions/us-west1/subnetworks/default",
        "https://www.googleapis.com/compute/v1/projects/buoyant-arena-405622/regions/us-west3/subnetworks/default",
        "https://www.googleapis.com/compute/v1/projects/buoyant-arena-405622/regions/asia-northeast1/subnetworks/default",
        "https://www.googleapis.com/compute/v1/projects/buoyant-arena-405622/regions/europe-west9/subnetworks/default",
        "https://www.googleapis.com/compute/v1/projects/buoyant-arena-405622/regions/asia-east1/subnetworks/default",
        "https://www.googleapis.com/compute/v1/projects/buoyant-arena-405622/regions/us-east1/subnetworks/default",
        "https://www.googleapis.com/compute/v1/projects/buoyant-arena-405622/regions/europe-north1/subnetworks/default",
        "https://www.googleapis.com/compute/v1/projects/buoyant-arena-405622/regions/australia-southeast2/subnetworks/default",
        "https://www.googleapis.com/compute/v1/projects/buoyant-arena-405622/regions/asia-south1/subnetworks/default",
        "https://www.googleapis.com/compute/v1/projects/buoyant-arena-405622/regions/us-central1/subnetworks/default",
        "https://www.googleapis.com/compute/v1/projects/buoyant-arena-405622/regions/us-west2/subnetworks/default",
        "https://www.googleapis.com/compute/v1/projects/buoyant-arena-405622/regions/us-east4/subnetworks/default",
        "https://www.googleapis.com/compute/v1/projects/buoyant-arena-405622/regions/us-south1/subnetworks/default",
        "https://www.googleapis.com/compute/v1/projects/buoyant-arena-405622/regions/us-east7/subnetworks/default",
        "https://www.googleapis.com/compute/v1/projects/buoyant-arena-405622/regions/asia-northeast2/subnetworks/default",
        "https://www.googleapis.com/compute/v1/projects/buoyant-arena-405622/regions/asia-south2/subnetworks/default",
        "https://www.googleapis.com/compute/v1/projects/buoyant-arena-405622/regions/me-west1/subnetworks/default",
        "https://www.googleapis.com/compute/v1/projects/buoyant-arena-405622/regions/southamerica-east1/subnetworks/default",
        "https://www.googleapis.com/compute/v1/projects/buoyant-arena-405622/regions/southamerica-west1/subnetworks/default",
        "https://www.googleapis.com/compute/v1/projects/buoyant-arena-405622/regions/asia-southeast2/subnetworks/default",
        "https://www.googleapis.com/compute/v1/projects/buoyant-arena-405622/regions/me-central1/subnetworks/default"
      ],
      "type": [
        "list",
        "string"
      ]
    }
  },
  "resources": [
    {
      "mode": "data",
      "type": "google_compute_network",
      "name": "network",
      "provider": "provider[\"registry.terraform.io/hashicorp/google\"]",
      "instances": [
        {
          "schema_version": 0,
          "attributes": {
            "description": "Default network for the project",
            "gateway_ipv4": "",
            "id": "projects/buoyant-arena-405622/global/networks/default",
            "internal_ipv6_range": "",
            "name": "default",
            "project": null,
            "self_link": "https://www.googleapis.com/compute/v1/projects/buoyant-arena-405622/global/networks/default",
            "subnetworks_self_links": [
              "https://www.googleapis.com/compute/v1/projects/buoyant-arena-405622/regions/asia-southeast1/subnetworks/default",
              "https://www.googleapis.com/compute/v1/projects/buoyant-arena-405622/regions/us-west4/subnetworks/default",
              "https://www.googleapis.com/compute/v1/projects/buoyant-arena-405622/regions/europe-west4/subnetworks/default",
              "https://www.googleapis.com/compute/v1/projects/buoyant-arena-405622/regions/europe-west2/subnetworks/default",
              "https://www.googleapis.com/compute/v1/projects/buoyant-arena-405622/regions/europe-west6/subnetworks/default",
              "https://www.googleapis.com/compute/v1/projects/buoyant-arena-405622/regions/europe-west10/subnetworks/default",
              "https://www.googleapis.com/compute/v1/projects/buoyant-arena-405622/regions/africa-south1/subnetworks/default",
              "https://www.googleapis.com/compute/v1/projects/buoyant-arena-405622/regions/us-east5/subnetworks/default",
              "https://www.googleapis.com/compute/v1/projects/buoyant-arena-405622/regions/europe-southwest1/subnetworks/default",
              "https://www.googleapis.com/compute/v1/projects/buoyant-arena-405622/regions/australia-southeast1/subnetworks/default",
              "https://www.googleapis.com/compute/v1/projects/buoyant-arena-405622/regions/asia-northeast3/subnetworks/default",
              "https://www.googleapis.com/compute/v1/projects/buoyant-arena-405622/regions/europe-west3/subnetworks/default",
              "https://www.googleapis.com/compute/v1/projects/buoyant-arena-405622/regions/europe-west1/subnetworks/default",
              "https://www.googleapis.com/compute/v1/projects/buoyant-arena-405622/regions/northamerica-northeast1/subnetworks/default",
              "https://www.googleapis.com/compute/v1/projects/buoyant-arena-405622/regions/us-west8/subnetworks/default",
              "https://www.googleapis.com/compute/v1/projects/buoyant-arena-405622/regions/northamerica-northeast2/subnetworks/default",
              "https://www.googleapis.com/compute/v1/projects/buoyant-arena-405622/regions/europe-west8/subnetworks/default",
              "https://www.googleapis.com/compute/v1/projects/buoyant-arena-405622/regions/europe-central2/subnetworks/default",
              "https://www.googleapis.com/compute/v1/projects/buoyant-arena-405622/regions/me-central2/subnetworks/default",
              "https://www.googleapis.com/compute/v1/projects/buoyant-arena-405622/regions/asia-east2/subnetworks/default",
              "https://www.googleapis.com/compute/v1/projects/buoyant-arena-405622/regions/europe-west12/subnetworks/default",
              "https://www.googleapis.com/compute/v1/projects/buoyant-arena-405622/regions/us-west1/subnetworks/default",
              "https://www.googleapis.com/compute/v1/projects/buoyant-arena-405622/regions/us-west3/subnetworks/default",
              "https://www.googleapis.com/compute/v1/projects/buoyant-arena-405622/regions/asia-northeast1/subnetworks/default",
              "https://www.googleapis.com/compute/v1/projects/buoyant-arena-405622/regions/europe-west9/subnetworks/default",
              "https://www.googleapis.com/compute/v1/projects/buoyant-arena-405622/regions/asia-east1/subnetworks/default",
              "https://www.googleapis.com/compute/v1/projects/buoyant-arena-405622/regions/us-east1/subnetworks/default",
              "https://www.googleapis.com/compute/v1/projects/buoyant-arena-405622/regions/europe-north1/subnetworks/default",
              "https://www.googleapis.com/compute/v1/projects/buoyant-arena-405622/regions/australia-southeast2/subnetworks/default",
              "https://www.googleapis.com/compute/v1/projects/buoyant-arena-405622/regions/asia-south1/subnetworks/default",
              "https://www.googleapis.com/compute/v1/projects/buoyant-arena-405622/regions/us-central1/subnetworks/default",
              "https://www.googleapis.com/compute/v1/projects/buoyant-arena-405622/regions/us-west2/subnetworks/default",
              "https://www.googleapis.com/compute/v1/projects/buoyant-arena-405622/regions/us-east4/subnetworks/default",
              "https://www.googleapis.com/compute/v1/projects/buoyant-arena-405622/regions/us-south1/subnetworks/default",
              "https://www.googleapis.com/compute/v1/projects/buoyant-arena-405622/regions/us-east7/subnetworks/default",
              "https://www.googleapis.com/compute/v1/projects/buoyant-arena-405622/regions/asia-northeast2/subnetworks/default",
              "https://www.googleapis.com/compute/v1/projects/buoyant-arena-405622/regions/asia-south2/subnetworks/default",
              "https://www.googleapis.com/compute/v1/projects/buoyant-arena-405622/regions/me-west1/subnetworks/default",
              "https://www.googleapis.com/compute/v1/projects/buoyant-arena-405622/regions/southamerica-east1/subnetworks/default",
              "https://www.googleapis.com/compute/v1/projects/buoyant-arena-405622/regions/southamerica-west1/subnetworks/default",
              "https://www.googleapis.com/compute/v1/projects/buoyant-arena-405622/regions/asia-southeast2/subnetworks/default",
              "https://www.googleapis.com/compute/v1/projects/buoyant-arena-405622/regions/me-central1/subnetworks/default"
            ]
          },
          "sensitive_attributes": []
        }
      ]
    },
    {
      "mode": "managed",
      "type": "google_compute_firewall",
      "name": "allow_to_gce",
      "provider": "provider[\"registry.terraform.io/hashicorp/google\"]",
      "instances": [
        {
          "schema_version": 1,
          "attributes": {
            "allow": [
              {
                "ports": [],
                "protocol": "all"
              }
            ],
            "creation_timestamp": "2023-11-24T08:02:26.785-08:00",
            "deny": [],
            "description": "",
            "destination_ranges": [],
            "direction": "INGRESS",
            "disabled": false,
            "enable_logging": null,
            "id": "projects/buoyant-arena-405622/global/firewalls/allow-to-gce",
            "log_config": [],
            "name": "allow-to-gce",
            "network": "https://www.googleapis.com/compute/v1/projects/buoyant-arena-405622/global/networks/default",
            "priority": 1000,
            "project": "buoyant-arena-405622",
            "self_link": "https://www.googleapis.com/compute/v1/projects/buoyant-arena-405622/global/firewalls/allow-to-gce",
            "source_ranges": [
              "0.0.0.0/0"
            ],
            "source_service_accounts": [],
            "source_tags": [],
            "target_service_accounts": [],
            "target_tags": [
              "bar",
              "foo"
            ],
            "timeouts": null
          },
          "sensitive_attributes": [],
          "private": "eyJlMmJmYjczMC1lY2FhLTExZTYtOGY4OC0zNDM2M2JjN2M0YzAiOnsiY3JlYXRlIjoxMjAwMDAwMDAwMDAwLCJkZWxldGUiOjEyMDAwMDAwMDAwMDAsInVwZGF0ZSI6MTIwMDAwMDAwMDAwMH0sInNjaGVtYV92ZXJzaW9uIjoiMSJ9"
        }
      ]
    },
    {
      "mode": "managed",
      "type": "google_compute_instance",
      "name": "default",
      "provider": "provider[\"registry.terraform.io/hashicorp/google\"]",
      "instances": [
        {
          "schema_version": 6,
          "attributes": {
            "advanced_machine_features": [],
            "allow_stopping_for_update": null,
            "attached_disk": [],
            "boot_disk": [
              {
                "auto_delete": true,
                "device_name": "persistent-disk-0",
                "disk_encryption_key_raw": "",
                "disk_encryption_key_sha256": "",
                "initialize_params": [
                  {
                    "image": "https://www.googleapis.com/compute/v1/projects/debian-cloud/global/images/debian-11-bullseye-v20231115",
                    "labels": {
                      "my_label": "value"
                    },
                    "resource_manager_tags": {},
                    "size": 10,
                    "type": "pd-standard"
                  }
                ],
                "kms_key_self_link": "",
                "mode": "READ_WRITE",
                "source": "https://www.googleapis.com/compute/v1/projects/buoyant-arena-405622/zones/us-central1-a/disks/my-instance"
              }
            ],
            "can_ip_forward": false,
            "confidential_instance_config": [],
            "cpu_platform": "Intel Cascade Lake",
            "current_status": "RUNNING",
            "deletion_protection": false,
            "description": "",
            "desired_status": null,
            "effective_labels": {},
            "enable_display": false,
            "guest_accelerator": [],
            "hostname": "",
            "id": "projects/buoyant-arena-405622/zones/us-central1-a/instances/my-instance",
            "instance_id": "7851169378078652329",
            "label_fingerprint": "42WmSpB8rSM=",
            "labels": {},
            "machine_type": "n2-standard-2",
            "metadata": {
              "foo": "bar"
            },
            "metadata_fingerprint": "afZ4PuzYNys=",
            "metadata_startup_script": "#!/bin/bash\necho \"Hello, World\" \u003e index.html\nsudo apt install busybox -y\nnohup busybox httpd -f -p 8080 \u0026\n",
            "min_cpu_platform": "",
            "name": "my-instance",
            "network_interface": [
              {
                "access_config": [
                  {
                    "nat_ip": "34.171.16.40",
                    "network_tier": "PREMIUM",
                    "public_ptr_domain_name": ""
                  }
                ],
                "alias_ip_range": [],
                "internal_ipv6_prefix_length": 0,
                "ipv6_access_config": [],
                "ipv6_access_type": "",
                "ipv6_address": "",
                "name": "nic0",
                "network": "https://www.googleapis.com/compute/v1/projects/buoyant-arena-405622/global/networks/default",
                "network_ip": "10.128.0.5",
                "nic_type": "",
                "queue_count": 0,
                "stack_type": "IPV4_ONLY",
                "subnetwork": "https://www.googleapis.com/compute/v1/projects/buoyant-arena-405622/regions/us-central1/subnetworks/default",
                "subnetwork_project": "buoyant-arena-405622"
              }
            ],
            "network_performance_config": [],
            "params": [],
            "project": "buoyant-arena-405622",
            "reservation_affinity": [],
            "resource_policies": [],
            "scheduling": [
              {
                "automatic_restart": true,
                "instance_termination_action": "",
                "local_ssd_recovery_timeout": [],
                "min_node_cpus": 0,
                "node_affinities": [],
                "on_host_maintenance": "MIGRATE",
                "preemptible": false,
                "provisioning_model": "STANDARD"
              }
            ],
            "scratch_disk": [
              {
                "device_name": "local-ssd-0",
                "interface": "NVME",
                "size": 375
              }
            ],
            "self_link": "https://www.googleapis.com/compute/v1/projects/buoyant-arena-405622/zones/us-central1-a/instances/my-instance",
            "service_account": [],
            "shielded_instance_config": [
              {
                "enable_integrity_monitoring": true,
                "enable_secure_boot": false,
                "enable_vtpm": true
              }
            ],
            "tags": [
              "bar",
              "foo"
            ],
            "tags_fingerprint": "1gqCRgrww4E=",
            "terraform_labels": {},
            "timeouts": null,
            "zone": "us-central1-a"
          },
          "sensitive_attributes": [],
          "private": "eyJlMmJmYjczMC1lY2FhLTExZTYtOGY4OC0zNDM2M2JjN2M0YzAiOnsiY3JlYXRlIjoxMjAwMDAwMDAwMDAwLCJkZWxldGUiOjEyMDAwMDAwMDAwMDAsInVwZGF0ZSI6MTIwMDAwMDAwMDAwMH0sInNjaGVtYV92ZXJzaW9uIjoiNiJ9"
        }
      ]
    }
  ],
  "check_results": null
}
